
Microsoft Visual Studio Solution File, Format Version 12.00
# Visual Studio Version 17
VisualStudioVersion = 17.10.35004.147
MinimumVisualStudioVersion = 10.0.40219.1
Project("{FAE04EC0-301F-11D3-BF4B-00C04F79EFBC}") = "HelloWorld", "HelloWorld\HelloWorld.csproj", "{69C392E3-959E-49C2-A3F9-E04F364B9B30}"
EndProject
Project("{FAE04EC0-301F-11D3-BF4B-00C04F79EFBC}") = "ExplicitHelloWorld", "ExplicitHelloWorld\ExplicitHelloWorld.csproj", "{9CDB0154-02A1-4BBA-923D-C890096DB79B}"
EndProject
Project("{FAE04EC0-301F-11D3-BF4B-00C04F79EFBC}") = "DateNotTime", "DateNotTime\DateNotTime.csproj", "{9445560F-D173-4223-9D3A-A9F9E4AEA40D}"
EndProject
Project("{FAE04EC0-301F-11D3-BF4B-00C04F79EFBC}") = "Constructors", "Constructors\Constructors.csproj", "{2BFECA20-04F0-47B9-AD57-EAFCBEF2ABE6}"
EndProject
Project("{FAE04EC0-301F-11D3-BF4B-00C04F79EFBC}") = "Math", "Math\Math.csproj", "{3D64CC15-5C5B-482D-BD8C-06641A7E580C}"
EndProject
Project("{FAE04EC0-301F-11D3-BF4B-00C04F79EFBC}") = "Interfaces", "Interfaces\Interfaces.csproj", "{77FA2A18-750F-4D56-8F2B-80266B865FB5}"
EndProject
Project("{FAE04EC0-301F-11D3-BF4B-00C04F79EFBC}") = "Inheritance", "Inheritance\Inheritance.csproj", "{DD589649-3A87-4E5E-AFCE-77378E73A55B}"
EndProject
Project("{FAE04EC0-301F-11D3-BF4B-00C04F79EFBC}") = "Enumuartions", "Enumuartions\Enumuartions.csproj", "{2AB071FA-0FD1-4EBA-9769-4940F223BE10}"
EndProject
Project("{FAE04EC0-301F-11D3-BF4B-00C04F79EFBC}") = "ArraysCollections", "ArraysCollections\ArraysCollections.csproj", "{2473401C-EE17-48C0-B9C6-D41B9A6DE1DA}"
EndProject
Global
	GlobalSection(SolutionConfigurationPlatforms) = preSolution
		Debug|Any CPU = Debug|Any CPU
		Release|Any CPU = Release|Any CPU
	EndGlobalSection
	GlobalSection(ProjectConfigurationPlatforms) = postSolution
		{69C392E3-959E-49C2-A3F9-E04F364B9B30}.Debug|Any CPU.ActiveCfg = Debug|Any CPU
		{69C392E3-959E-49C2-A3F9-E04F364B9B30}.Debug|Any CPU.Build.0 = Debug|Any CPU
		{69C392E3-959E-49C2-A3F9-E04F364B9B30}.Release|Any CPU.ActiveCfg = Release|Any CPU
		{69C392E3-959E-49C2-A3F9-E04F364B9B30}.Release|Any CPU.Build.0 = Release|Any CPU
		{9CDB0154-02A1-4BBA-923D-C890096DB79B}.Debug|Any CPU.ActiveCfg = Debug|Any CPU
		{9CDB0154-02A1-4BBA-923D-C890096DB79B}.Debug|Any CPU.Build.0 = Debug|Any CPU
		{9CDB0154-02A1-4BBA-923D-C890096DB79B}.Release|Any CPU.ActiveCfg = Release|Any CPU
		{9CDB0154-02A1-4BBA-923D-C890096DB79B}.Release|Any CPU.Build.0 = Release|Any CPU
		{9445560F-D173-4223-9D3A-A9F9E4AEA40D}.Debug|Any CPU.ActiveCfg = Debug|Any CPU
		{9445560F-D173-4223-9D3A-A9F9E4AEA40D}.Debug|Any CPU.Build.0 = Debug|Any CPU
		{9445560F-D173-4223-9D3A-A9F9E4AEA40D}.Release|Any CPU.ActiveCfg = Release|Any CPU
		{9445560F-D173-4223-9D3A-A9F9E4AEA40D}.Release|Any CPU.Build.0 = Release|Any CPU
		{2BFECA20-04F0-47B9-AD57-EAFCBEF2ABE6}.Debug|Any CPU.ActiveCfg = Debug|Any CPU
		{2BFECA20-04F0-47B9-AD57-EAFCBEF2ABE6}.Debug|Any CPU.Build.0 = Debug|Any CPU
		{2BFECA20-04F0-47B9-AD57-EAFCBEF2ABE6}.Release|Any CPU.ActiveCfg = Release|Any CPU
		{2BFECA20-04F0-47B9-AD57-EAFCBEF2ABE6}.Release|Any CPU.Build.0 = Release|Any CPU
		{3D64CC15-5C5B-482D-BD8C-06641A7E580C}.Debug|Any CPU.ActiveCfg = Debug|Any CPU
		{3D64CC15-5C5B-482D-BD8C-06641A7E580C}.Debug|Any CPU.Build.0 = Debug|Any CPU
		{3D64CC15-5C5B-482D-BD8C-06641A7E580C}.Release|Any CPU.ActiveCfg = Release|Any CPU
		{3D64CC15-5C5B-482D-BD8C-06641A7E580C}.Release|Any CPU.Build.0 = Release|Any CPU
		{77FA2A18-750F-4D56-8F2B-80266B865FB5}.Debug|Any CPU.ActiveCfg = Debug|Any CPU
		{77FA2A18-750F-4D56-8F2B-80266B865FB5}.Debug|Any CPU.Build.0 = Debug|Any CPU
		{77FA2A18-750F-4D56-8F2B-80266B865FB5}.Release|Any CPU.ActiveCfg = Release|Any CPU
		{77FA2A18-750F-4D56-8F2B-80266B865FB5}.Release|Any CPU.Build.0 = Release|Any CPU
		{DD589649-3A87-4E5E-AFCE-77378E73A55B}.Debug|Any CPU.ActiveCfg = Debug|Any CPU
		{DD589649-3A87-4E5E-AFCE-77378E73A55B}.Debug|Any CPU.Build.0 = Debug|Any CPU
		{DD589649-3A87-4E5E-AFCE-77378E73A55B}.Release|Any CPU.ActiveCfg = Release|Any CPU
		{DD589649-3A87-4E5E-AFCE-77378E73A55B}.Release|Any CPU.Build.0 = Release|Any CPU
		{2AB071FA-0FD1-4EBA-9769-4940F223BE10}.Debug|Any CPU.ActiveCfg = Debug|Any CPU
		{2AB071FA-0FD1-4EBA-9769-4940F223BE10}.Debug|Any CPU.Build.0 = Debug|Any CPU
		{2AB071FA-0FD1-4EBA-9769-4940F223BE10}.Release|Any CPU.ActiveCfg = Release|Any CPU
		{2AB071FA-0FD1-4EBA-9769-4940F223BE10}.Release|Any CPU.Build.0 = Release|Any CPU
		{2473401C-EE17-48C0-B9C6-D41B9A6DE1DA}.Debug|Any CPU.ActiveCfg = Debug|Any CPU
		{2473401C-EE17-48C0-B9C6-D41B9A6DE1DA}.Debug|Any CPU.Build.0 = Debug|Any CPU
		{2473401C-EE17-48C0-B9C6-D41B9A6DE1DA}.Release|Any CPU.ActiveCfg = Release|Any CPU
		{2473401C-EE17-48C0-B9C6-D41B9A6DE1DA}.Release|Any CPU.Build.0 = Release|Any CPU
	EndGlobalSection
	GlobalSection(SolutionProperties) = preSolution
		HideSolutionNode = FALSE
	EndGlobalSection
	GlobalSection(ExtensibilityGlobals) = postSolution
		SolutionGuid = {BE2EF0B2-77BA-422B-A324-DBDDD08A60D1}
	EndGlobalSection
EndGlobal
